lockfileVersion: '9.0'

settings:
  autoInstallPeers: true
  excludeLinksFromLockfile: false

importers:

  .:
    devDependencies:
      '@ffmpeg/core':
        specifier: '0.11'
        version: 0.11.0
      '@ffmpeg/ffmpeg':
        specifier: '0.11'
        version: 0.11.6

packages:

  '@ffmpeg/core@0.11.0':
    resolution: {integrity: sha512-9Tt/+2PMpkGPXUK8n6He9G8Y+qR6qmCPSCw9iEKZxHHOvJ9BE/r0Fccj+YgDZTlyu6rXxc9x6EqCaFBIt7qzjA==}

  '@ffmpeg/ffmpeg@0.11.6':
    resolution: {integrity: sha512-uN8J8KDjADEavPhNva6tYO9Fj0lWs9z82swF3YXnTxWMBoFLGq3LZ6FLlIldRKEzhOBKnkVfA8UnFJuvGvNxcA==}
    engines: {node: '>=12.16.1'}

  is-url@1.2.4:
    resolution: {integrity: sha512-ITvGim8FhRiYe4IQ5uHSkj7pVaPDrCTkNd3yq3cV7iZAcJdHTUMPMEHcqSOy9xZ9qFenQCvi+2wjH9a1nXqHww==}

  node-fetch@2.7.0:
    resolution: {integrity: sha512-c4FRfUm/dbcWZ7U+1Wq0AwCyFL+3nt2bEw05wfxSz+DWpWsitgmSgYmy2dQdWyKC1694ELPqMs/YzUSNozLt8A==}
    engines: {node: 4.x || >=6.0.0}
    peerDependencies:
      encoding: ^0.1.0
    peerDependenciesMeta:
      encoding:
        optional: true

  regenerator-runtime@0.13.11:
    resolution: {integrity: sha512-kY1AZVr2Ra+t+piVaJ4gxaFaReZVH40AKNo7UCX6W+dEwBo/2oZJzqfuN1qLq1oL45o56cPaTXELwrTh8Fpggg==}

  resolve-url@0.2.1:
    resolution: {integrity: sha512-ZuF55hVUQaaczgOIwqWzkEcEidmlD/xl44x1UZnhOXcYuFN2S6+rcxpG+C1N3So0wvNI3DmJICUFfu2SxhBmvg==}
    deprecated: https://github.com/lydell/resolve-url#deprecated

  tr46@0.0.3:
    resolution: {integrity: sha512-N3WMsuqV66lT30CrXNbEjx4GEwlow3v6rr4mCcv6prnfwhS01rkgyFdjPNBYd9br7LpXV1+Emh01fHnq2Gdgrw==}

  webidl-conversions@3.0.1:
    resolution: {integrity: sha512-2JAn3z8AR6rjK8Sm8orRC0h/bcl/DqL7tRPdGZ4I1CjdF+EaMLmYxBHyXuKL849eucPFhvBoxMsflfOb8kxaeQ==}

  whatwg-url@5.0.0:
    resolution: {integrity: sha512-saE57nupxk6v3HY35+jzBwYa0rKSy0XR8JSxZPwgLr7ys0IBzhGviA1/TUGJLmSVqs8pb9AnvICXEuOHLprYTw==}

snapshots:

  '@ffmpeg/core@0.11.0': {}

  '@ffmpeg/ffmpeg@0.11.6':
    dependencies:
      is-url: 1.2.4
      node-fetch: 2.7.0
      regenerator-runtime: 0.13.11
      resolve-url: 0.2.1
    transitivePeerDependencies:
      - encoding

  is-url@1.2.4: {}

  node-fetch@2.7.0:
    dependencies:
      whatwg-url: 5.0.0

  regenerator-runtime@0.13.11: {}

  resolve-url@0.2.1: {}

  tr46@0.0.3: {}

  webidl-conversions@3.0.1: {}

  whatwg-url@5.0.0:
    dependencies:
      tr46: 0.0.3
      webidl-conversions: 3.0.1
